
Microsoft Visual Studio Solution File, Format Version 12.00
# Visual Studio Version 17
VisualStudioVersion = 17.5.33516.290
MinimumVisualStudioVersion = 10.0.40219.1
Project("{FAE04EC0-301F-11D3-BF4B-00C04F79EFBC}") = "server", "server.csproj", "{59589C33-ADAB-45DC-A9E5-A98AB09BF575}"
EndProject
Global
	GlobalSection(SolutionConfigurationPlatforms) = preSolution
		Debug|Any CPU = Debug|Any CPU
		Release|Any CPU = Release|Any CPU
	EndGlobalSection
	GlobalSection(ProjectConfigurationPlatforms) = postSolution
		{59589C33-ADAB-45DC-A9E5-A98AB09BF575}.Debug|Any CPU.ActiveCfg = Debug|Any CPU
		{59589C33-ADAB-45DC-A9E5-A98AB09BF575}.Debug|Any CPU.Build.0 = Debug|Any CPU
		{59589C33-ADAB-45DC-A9E5-A98AB09BF575}.Release|Any CPU.ActiveCfg = Release|Any CPU
		{59589C33-ADAB-45DC-A9E5-A98AB09BF575}.Release|Any CPU.Build.0 = Release|Any CPU
	EndGlobalSection
	GlobalSection(SolutionProperties) = preSolution
		HideSolutionNode = FALSE
	EndGlobalSection
	GlobalSection(ExtensibilityGlobals) = postSolution
		SolutionGuid = {5367A751-6ED6-4ABA-A69A-9581A9633652}
	EndGlobalSection
EndGlobal
